
Microsoft Visual Studio Solution File, Format Version 12.00
# Visual Studio 2013
VisualStudioVersion = 12.0.30324.0
MinimumVisualStudioVersion = 10.0.40219.1
Project("{FAE04EC0-301F-11D3-BF4B-00C04F79EFBC}") = "SomeClasses2", "ClassLibrary3\SomeClasses2.csproj", "{45D73A24-51A5-456A-9F25-9A526A6AFDE3}"
EndProject
Project("{FAE04EC0-301F-11D3-BF4B-00C04F79EFBC}") = "MultiTest", "UnitTestProject1\MultiTest.csproj", "{FF6A00D6-A5B9-42D5-88F3-7944148C54C3}"
EndProject
Project("{2150E333-8FDC-42A3-9474-1A3956D46DE8}") = "Solution Items", "Solution Items", "{343B795E-1700-4F45-8566-606B024E35C4}"
	ProjectSection(SolutionItems) = preProject
		Runsettings1.runsettings = Runsettings1.runsettings
		TestSettings1.testsettings = TestSettings1.testsettings
		TestUnitTestingAndTraits1.vsmdi = TestUnitTestingAndTraits1.vsmdi
	EndProjectSection
EndProject
Project("{FAE04EC0-301F-11D3-BF4B-00C04F79EFBC}") = "WebApplication1", "WebApplication1\WebApplication1.csproj", "{DCB43C45-DCE2-4BA7-84A5-22D7A4EDC278}"
EndProject
Project("{8BC9CEB8-8B4A-11D0-8D11-00A0C91BC942}") = "NativeCPPUnitTst", "UnitTest1\UnitTest1.vcxproj", "{6969F4F7-E671-42AC-A425-A2AB4F28AC4F}"
EndProject
Project("{8BC9CEB8-8B4A-11D0-8D11-00A0C91BC942}") = "ManCPPUnitTest", "ManCPPUnitTest\ManCPPUnitTest.vcxproj", "{9757CB21-B840-49A6-B057-9F322E543DD6}"
EndProject
Project("{FAE04EC0-301F-11D3-BF4B-00C04F79EFBC}") = "xUnit.Test", "xUnit.Test\xUnit.Test.csproj", "{1664AB20-51AB-4A59-9786-89EF44882B7B}"
EndProject
Project("{FAE04EC0-301F-11D3-BF4B-00C04F79EFBC}") = "NUnit.test", "NUnit.test\NUnit.test.csproj", "{92B80A99-C674-4667-9FD0-1403F2E27FE6}"
EndProject
Project("{8BC9CEB8-8B4A-11D0-8D11-00A0C91BC942}") = "Win32Project1", "Win32Project1\Win32Project1.vcxproj", "{934D6141-56A1-4087-B009-2F195EDDA411}"
EndProject
Project("{FAE04EC0-301F-11D3-BF4B-00C04F79EFBC}") = "SomeClasses4", "SomeClasses4\SomeClasses4.csproj", "{D2013336-CFC9-49E0-985A-CA13429A81F4}"
EndProject
Project("{FAE04EC0-301F-11D3-BF4B-00C04F79EFBC}") = "UnitTestForNet2", "UnitTestForNet2\UnitTestForNet2.csproj", "{83A92001-8755-4E36-940E-CA3B25DD60A0}"
EndProject
Project("{FAE04EC0-301F-11D3-BF4B-00C04F79EFBC}") = "NUnitTestForNet20", "NUnitTestForNet20\NUnitTestForNet20.csproj", "{AAE1265F-0FF4-4047-A121-B1C5D78D1AF7}"
EndProject
Project("{FAE04EC0-301F-11D3-BF4B-00C04F79EFBC}") = "NUnitWithOddProperties.Test", "NUnitWithOddProperties\NUnitWithOddProperties.Test.csproj", "{D072E668-FB43-41C2-83CC-E9EAE04EAC97}"
EndProject
Project("{2150E333-8FDC-42A3-9474-1A3956D46DE8}") = ".nuget", ".nuget", "{48D04544-E0BD-45E8-97B8-CFC6B4465B7F}"
	ProjectSection(SolutionItems) = preProject
		.nuget\NuGet.Config = .nuget\NuGet.Config
		.nuget\NuGet.targets = .nuget\NuGet.targets
	EndProjectSection
EndProject
Project("{FAE04EC0-301F-11D3-BF4B-00C04F79EFBC}") = "SomeExecutable", "SomeExecutable\SomeExecutable.csproj", "{DBD676E9-FC78-4C3F-AC17-762115188F8A}"
EndProject
Project("{930C7802-8A8C-48F9-8165-68863BCCD9DD}") = "Inmeta.Wix.AppSetupTemplate2", "Inmeta.Wix.AppSetupTemplate2\Inmeta.Wix.AppSetupTemplate2.wixproj", "{2D68840B-5C4F-456A-A55B-9CC59B51F4F8}"
EndProject
Project("{FAE04EC0-301F-11D3-BF4B-00C04F79EFBC}") = "Issue32", "Issue32\Issue32.csproj", "{0644313A-7CA5-4C9F-8C5F-2AF5CDA0EBE2}"
EndProject
Global
	GlobalSection(SolutionConfigurationPlatforms) = preSolution
		Debug|Any CPU = Debug|Any CPU
		Debug|Mixed Platforms = Debug|Mixed Platforms
		Debug|Win32 = Debug|Win32
		Debug|x86 = Debug|x86
		Release|Any CPU = Release|Any CPU
		Release|Mixed Platforms = Release|Mixed Platforms
		Release|Win32 = Release|Win32
		Release|x86 = Release|x86
	EndGlobalSection
	GlobalSection(ProjectConfigurationPlatforms) = postSolution
		{45D73A24-51A5-456A-9F25-9A526A6AFDE3}.Debug|Any CPU.ActiveCfg = Debug|Any CPU
		{45D73A24-51A5-456A-9F25-9A526A6AFDE3}.Debug|Any CPU.Build.0 = Debug|Any CPU
		{45D73A24-51A5-456A-9F25-9A526A6AFDE3}.Debug|Any CPU.Deploy.0 = Debug|Any CPU
		{45D73A24-51A5-456A-9F25-9A526A6AFDE3}.Debug|Mixed Platforms.ActiveCfg = Debug|Any CPU
		{45D73A24-51A5-456A-9F25-9A526A6AFDE3}.Debug|Mixed Platforms.Build.0 = Debug|Any CPU
		{45D73A24-51A5-456A-9F25-9A526A6AFDE3}.Debug|Win32.ActiveCfg = Debug|Any CPU
		{45D73A24-51A5-456A-9F25-9A526A6AFDE3}.Debug|x86.ActiveCfg = Debug|Any CPU
		{45D73A24-51A5-456A-9F25-9A526A6AFDE3}.Release|Any CPU.ActiveCfg = Release|Any CPU
		{45D73A24-51A5-456A-9F25-9A526A6AFDE3}.Release|Any CPU.Build.0 = Release|Any CPU
		{45D73A24-51A5-456A-9F25-9A526A6AFDE3}.Release|Mixed Platforms.ActiveCfg = Release|Any CPU
		{45D73A24-51A5-456A-9F25-9A526A6AFDE3}.Release|Mixed Platforms.Build.0 = Release|Any CPU
		{45D73A24-51A5-456A-9F25-9A526A6AFDE3}.Release|Win32.ActiveCfg = Release|Any CPU
		{45D73A24-51A5-456A-9F25-9A526A6AFDE3}.Release|x86.ActiveCfg = Release|Any CPU
		{FF6A00D6-A5B9-42D5-88F3-7944148C54C3}.Debug|Any CPU.ActiveCfg = Debug|Any CPU
		{FF6A00D6-A5B9-42D5-88F3-7944148C54C3}.Debug|Any CPU.Build.0 = Debug|Any CPU
		{FF6A00D6-A5B9-42D5-88F3-7944148C54C3}.Debug|Any CPU.Deploy.0 = Debug|Any CPU
		{FF6A00D6-A5B9-42D5-88F3-7944148C54C3}.Debug|Mixed Platforms.ActiveCfg = Debug|Any CPU
		{FF6A00D6-A5B9-42D5-88F3-7944148C54C3}.Debug|Mixed Platforms.Build.0 = Debug|Any CPU
		{FF6A00D6-A5B9-42D5-88F3-7944148C54C3}.Debug|Win32.ActiveCfg = Debug|Any CPU
		{FF6A00D6-A5B9-42D5-88F3-7944148C54C3}.Debug|x86.ActiveCfg = Debug|Any CPU
		{FF6A00D6-A5B9-42D5-88F3-7944148C54C3}.Release|Any CPU.ActiveCfg = Release|Any CPU
		{FF6A00D6-A5B9-42D5-88F3-7944148C54C3}.Release|Any CPU.Build.0 = Release|Any CPU
		{FF6A00D6-A5B9-42D5-88F3-7944148C54C3}.Release|Mixed Platforms.ActiveCfg = Release|Any CPU
		{FF6A00D6-A5B9-42D5-88F3-7944148C54C3}.Release|Mixed Platforms.Build.0 = Release|Any CPU
		{FF6A00D6-A5B9-42D5-88F3-7944148C54C3}.Release|Win32.ActiveCfg = Release|Any CPU
		{FF6A00D6-A5B9-42D5-88F3-7944148C54C3}.Release|x86.ActiveCfg = Release|Any CPU
		{DCB43C45-DCE2-4BA7-84A5-22D7A4EDC278}.Debug|Any CPU.ActiveCfg = Debug|Any CPU
		{DCB43C45-DCE2-4BA7-84A5-22D7A4EDC278}.Debug|Any CPU.Build.0 = Debug|Any CPU
		{DCB43C45-DCE2-4BA7-84A5-22D7A4EDC278}.Debug|Mixed Platforms.ActiveCfg = Debug|Any CPU
		{DCB43C45-DCE2-4BA7-84A5-22D7A4EDC278}.Debug|Mixed Platforms.Build.0 = Debug|Any CPU
		{DCB43C45-DCE2-4BA7-84A5-22D7A4EDC278}.Debug|Win32.ActiveCfg = Debug|Any CPU
		{DCB43C45-DCE2-4BA7-84A5-22D7A4EDC278}.Debug|x86.ActiveCfg = Debug|Any CPU
		{DCB43C45-DCE2-4BA7-84A5-22D7A4EDC278}.Release|Any CPU.ActiveCfg = Release|Any CPU
		{DCB43C45-DCE2-4BA7-84A5-22D7A4EDC278}.Release|Any CPU.Build.0 = Release|Any CPU
		{DCB43C45-DCE2-4BA7-84A5-22D7A4EDC278}.Release|Mixed Platforms.ActiveCfg = Release|Any CPU
		{DCB43C45-DCE2-4BA7-84A5-22D7A4EDC278}.Release|Mixed Platforms.Build.0 = Release|Any CPU
		{DCB43C45-DCE2-4BA7-84A5-22D7A4EDC278}.Release|Win32.ActiveCfg = Release|Any CPU
		{DCB43C45-DCE2-4BA7-84A5-22D7A4EDC278}.Release|x86.ActiveCfg = Release|Any CPU
		{6969F4F7-E671-42AC-A425-A2AB4F28AC4F}.Debug|Any CPU.ActiveCfg = Debug|Win32
		{6969F4F7-E671-42AC-A425-A2AB4F28AC4F}.Debug|Any CPU.Build.0 = Debug|Win32
		{6969F4F7-E671-42AC-A425-A2AB4F28AC4F}.Debug|Mixed Platforms.ActiveCfg = Debug|Win32
		{6969F4F7-E671-42AC-A425-A2AB4F28AC4F}.Debug|Mixed Platforms.Build.0 = Debug|Win32
		{6969F4F7-E671-42AC-A425-A2AB4F28AC4F}.Debug|Win32.ActiveCfg = Debug|Win32
		{6969F4F7-E671-42AC-A425-A2AB4F28AC4F}.Debug|Win32.Build.0 = Debug|Win32
		{6969F4F7-E671-42AC-A425-A2AB4F28AC4F}.Debug|x86.ActiveCfg = Debug|Win32
		{6969F4F7-E671-42AC-A425-A2AB4F28AC4F}.Debug|x86.Build.0 = Debug|Win32
		{6969F4F7-E671-42AC-A425-A2AB4F28AC4F}.Release|Any CPU.ActiveCfg = Release|Win32
		{6969F4F7-E671-42AC-A425-A2AB4F28AC4F}.Release|Mixed Platforms.ActiveCfg = Release|Win32
		{6969F4F7-E671-42AC-A425-A2AB4F28AC4F}.Release|Mixed Platforms.Build.0 = Release|Win32
		{6969F4F7-E671-42AC-A425-A2AB4F28AC4F}.Release|Win32.ActiveCfg = Release|Win32
		{6969F4F7-E671-42AC-A425-A2AB4F28AC4F}.Release|Win32.Build.0 = Release|Win32
		{6969F4F7-E671-42AC-A425-A2AB4F28AC4F}.Release|x86.ActiveCfg = Release|Win32
		{6969F4F7-E671-42AC-A425-A2AB4F28AC4F}.Release|x86.Build.0 = Release|Win32
		{9757CB21-B840-49A6-B057-9F322E543DD6}.Debug|Any CPU.ActiveCfg = Debug|Win32
		{9757CB21-B840-49A6-B057-9F322E543DD6}.Debug|Any CPU.Build.0 = Debug|Win32
		{9757CB21-B840-49A6-B057-9F322E543DD6}.Debug|Mixed Platforms.ActiveCfg = Debug|Win32
		{9757CB21-B840-49A6-B057-9F322E543DD6}.Debug|Mixed Platforms.Build.0 = Debug|Win32
		{9757CB21-B840-49A6-B057-9F322E543DD6}.Debug|Win32.ActiveCfg = Debug|Win32
		{9757CB21-B840-49A6-B057-9F322E543DD6}.Debug|Win32.Build.0 = Debug|Win32
		{9757CB21-B840-49A6-B057-9F322E543DD6}.Debug|x86.ActiveCfg = Debug|Win32
		{9757CB21-B840-49A6-B057-9F322E543DD6}.Debug|x86.Build.0 = Debug|Win32
		{9757CB21-B840-49A6-B057-9F322E543DD6}.Release|Any CPU.ActiveCfg = Release|Win32
		{9757CB21-B840-49A6-B057-9F322E543DD6}.Release|Mixed Platforms.ActiveCfg = Release|Win32
		{9757CB21-B840-49A6-B057-9F322E543DD6}.Release|Mixed Platforms.Build.0 = Release|Win32
		{9757CB21-B840-49A6-B057-9F322E543DD6}.Release|Win32.ActiveCfg = Release|Win32
		{9757CB21-B840-49A6-B057-9F322E543DD6}.Release|Win32.Build.0 = Release|Win32
		{9757CB21-B840-49A6-B057-9F322E543DD6}.Release|x86.ActiveCfg = Release|Win32
		{9757CB21-B840-49A6-B057-9F322E543DD6}.Release|x86.Build.0 = Release|Win32
		{1664AB20-51AB-4A59-9786-89EF44882B7B}.Debug|Any CPU.ActiveCfg = Debug|Any CPU
		{1664AB20-51AB-4A59-9786-89EF44882B7B}.Debug|Any CPU.Build.0 = Debug|Any CPU
		{1664AB20-51AB-4A59-9786-89EF44882B7B}.Debug|Mixed Platforms.ActiveCfg = Debug|Any CPU
		{1664AB20-51AB-4A59-9786-89EF44882B7B}.Debug|Mixed Platforms.Build.0 = Debug|Any CPU
		{1664AB20-51AB-4A59-9786-89EF44882B7B}.Debug|Win32.ActiveCfg = Debug|Any CPU
		{1664AB20-51AB-4A59-9786-89EF44882B7B}.Debug|x86.ActiveCfg = Debug|Any CPU
		{1664AB20-51AB-4A59-9786-89EF44882B7B}.Release|Any CPU.ActiveCfg = Release|Any CPU
		{1664AB20-51AB-4A59-9786-89EF44882B7B}.Release|Any CPU.Build.0 = Release|Any CPU
		{1664AB20-51AB-4A59-9786-89EF44882B7B}.Release|Mixed Platforms.ActiveCfg = Release|Any CPU
		{1664AB20-51AB-4A59-9786-89EF44882B7B}.Release|Mixed Platforms.Build.0 = Release|Any CPU
		{1664AB20-51AB-4A59-9786-89EF44882B7B}.Release|Win32.ActiveCfg = Release|Any CPU
		{1664AB20-51AB-4A59-9786-89EF44882B7B}.Release|x86.ActiveCfg = Release|Any CPU
		{92B80A99-C674-4667-9FD0-1403F2E27FE6}.Debug|Any CPU.ActiveCfg = Debug|Any CPU
		{92B80A99-C674-4667-9FD0-1403F2E27FE6}.Debug|Any CPU.Build.0 = Debug|Any CPU
		{92B80A99-C674-4667-9FD0-1403F2E27FE6}.Debug|Mixed Platforms.ActiveCfg = Debug|Any CPU
		{92B80A99-C674-4667-9FD0-1403F2E27FE6}.Debug|Mixed Platforms.Build.0 = Debug|Any CPU
		{92B80A99-C674-4667-9FD0-1403F2E27FE6}.Debug|Win32.ActiveCfg = Debug|Any CPU
		{92B80A99-C674-4667-9FD0-1403F2E27FE6}.Debug|x86.ActiveCfg = Debug|Any CPU
		{92B80A99-C674-4667-9FD0-1403F2E27FE6}.Release|Any CPU.ActiveCfg = Release|Any CPU
		{92B80A99-C674-4667-9FD0-1403F2E27FE6}.Release|Any CPU.Build.0 = Release|Any CPU
		{92B80A99-C674-4667-9FD0-1403F2E27FE6}.Release|Mixed Platforms.ActiveCfg = Release|Any CPU
		{92B80A99-C674-4667-9FD0-1403F2E27FE6}.Release|Mixed Platforms.Build.0 = Release|Any CPU
		{92B80A99-C674-4667-9FD0-1403F2E27FE6}.Release|Win32.ActiveCfg = Release|Any CPU
		{92B80A99-C674-4667-9FD0-1403F2E27FE6}.Release|x86.ActiveCfg = Release|Any CPU
		{934D6141-56A1-4087-B009-2F195EDDA411}.Debug|Any CPU.ActiveCfg = Debug|Win32
		{934D6141-56A1-4087-B009-2F195EDDA411}.Debug|Any CPU.Build.0 = Debug|Win32
		{934D6141-56A1-4087-B009-2F195EDDA411}.Debug|Mixed Platforms.ActiveCfg = Debug|Win32
		{934D6141-56A1-4087-B009-2F195EDDA411}.Debug|Mixed Platforms.Build.0 = Debug|Win32
		{934D6141-56A1-4087-B009-2F195EDDA411}.Debug|Win32.ActiveCfg = Debug|Win32
		{934D6141-56A1-4087-B009-2F195EDDA411}.Debug|Win32.Build.0 = Debug|Win32
		{934D6141-56A1-4087-B009-2F195EDDA411}.Debug|x86.ActiveCfg = Debug|Win32
		{934D6141-56A1-4087-B009-2F195EDDA411}.Debug|x86.Build.0 = Debug|Win32
		{934D6141-56A1-4087-B009-2F195EDDA411}.Release|Any CPU.ActiveCfg = Release|Win32
		{934D6141-56A1-4087-B009-2F195EDDA411}.Release|Mixed Platforms.ActiveCfg = Release|Win32
		{934D6141-56A1-4087-B009-2F195EDDA411}.Release|Mixed Platforms.Build.0 = Release|Win32
		{934D6141-56A1-4087-B009-2F195EDDA411}.Release|Win32.ActiveCfg = Release|Win32
		{934D6141-56A1-4087-B009-2F195EDDA411}.Release|Win32.Build.0 = Release|Win32
		{934D6141-56A1-4087-B009-2F195EDDA411}.Release|x86.ActiveCfg = Release|Win32
		{934D6141-56A1-4087-B009-2F195EDDA411}.Release|x86.Build.0 = Release|Win32
		{D2013336-CFC9-49E0-985A-CA13429A81F4}.Debug|Any CPU.ActiveCfg = Debug|Any CPU
		{D2013336-CFC9-49E0-985A-CA13429A81F4}.Debug|Any CPU.Build.0 = Debug|Any CPU
		{D2013336-CFC9-49E0-985A-CA13429A81F4}.Debug|Mixed Platforms.ActiveCfg = Debug|Any CPU
		{D2013336-CFC9-49E0-985A-CA13429A81F4}.Debug|Mixed Platforms.Build.0 = Debug|Any CPU
		{D2013336-CFC9-49E0-985A-CA13429A81F4}.Debug|Win32.ActiveCfg = Debug|Any CPU
		{D2013336-CFC9-49E0-985A-CA13429A81F4}.Debug|x86.ActiveCfg = Debug|Any CPU
		{D2013336-CFC9-49E0-985A-CA13429A81F4}.Release|Any CPU.ActiveCfg = Release|Any CPU
		{D2013336-CFC9-49E0-985A-CA13429A81F4}.Release|Any CPU.Build.0 = Release|Any CPU
		{D2013336-CFC9-49E0-985A-CA13429A81F4}.Release|Mixed Platforms.ActiveCfg = Release|Any CPU
		{D2013336-CFC9-49E0-985A-CA13429A81F4}.Release|Mixed Platforms.Build.0 = Release|Any CPU
		{D2013336-CFC9-49E0-985A-CA13429A81F4}.Release|Win32.ActiveCfg = Release|Any CPU
		{D2013336-CFC9-49E0-985A-CA13429A81F4}.Release|x86.ActiveCfg = Release|Any CPU
		{83A92001-8755-4E36-940E-CA3B25DD60A0}.Debug|Any CPU.ActiveCfg = Debug|Any CPU
		{83A92001-8755-4E36-940E-CA3B25DD60A0}.Debug|Any CPU.Build.0 = Debug|Any CPU
		{83A92001-8755-4E36-940E-CA3B25DD60A0}.Debug|Mixed Platforms.ActiveCfg = Debug|Any CPU
		{83A92001-8755-4E36-940E-CA3B25DD60A0}.Debug|Mixed Platforms.Build.0 = Debug|Any CPU
		{83A92001-8755-4E36-940E-CA3B25DD60A0}.Debug|Win32.ActiveCfg = Debug|Any CPU
		{83A92001-8755-4E36-940E-CA3B25DD60A0}.Debug|x86.ActiveCfg = Debug|Any CPU
		{83A92001-8755-4E36-940E-CA3B25DD60A0}.Release|Any CPU.ActiveCfg = Release|Any CPU
		{83A92001-8755-4E36-940E-CA3B25DD60A0}.Release|Any CPU.Build.0 = Release|Any CPU
		{83A92001-8755-4E36-940E-CA3B25DD60A0}.Release|Mixed Platforms.ActiveCfg = Release|Any CPU
		{83A92001-8755-4E36-940E-CA3B25DD60A0}.Release|Mixed Platforms.Build.0 = Release|Any CPU
		{83A92001-8755-4E36-940E-CA3B25DD60A0}.Release|Win32.ActiveCfg = Release|Any CPU
		{83A92001-8755-4E36-940E-CA3B25DD60A0}.Release|x86.ActiveCfg = Release|Any CPU
		{AAE1265F-0FF4-4047-A121-B1C5D78D1AF7}.Debug|Any CPU.ActiveCfg = Debug|Any CPU
		{AAE1265F-0FF4-4047-A121-B1C5D78D1AF7}.Debug|Any CPU.Build.0 = Debug|Any CPU
		{AAE1265F-0FF4-4047-A121-B1C5D78D1AF7}.Debug|Mixed Platforms.ActiveCfg = Debug|Any CPU
		{AAE1265F-0FF4-4047-A121-B1C5D78D1AF7}.Debug|Mixed Platforms.Build.0 = Debug|Any CPU
		{AAE1265F-0FF4-4047-A121-B1C5D78D1AF7}.Debug|Win32.ActiveCfg = Debug|Any CPU
		{AAE1265F-0FF4-4047-A121-B1C5D78D1AF7}.Debug|x86.ActiveCfg = Debug|Any CPU
		{AAE1265F-0FF4-4047-A121-B1C5D78D1AF7}.Release|Any CPU.ActiveCfg = Release|Any CPU
		{AAE1265F-0FF4-4047-A121-B1C5D78D1AF7}.Release|Any CPU.Build.0 = Release|Any CPU
		{AAE1265F-0FF4-4047-A121-B1C5D78D1AF7}.Release|Mixed Platforms.ActiveCfg = Release|Any CPU
		{AAE1265F-0FF4-4047-A121-B1C5D78D1AF7}.Release|Mixed Platforms.Build.0 = Release|Any CPU
		{AAE1265F-0FF4-4047-A121-B1C5D78D1AF7}.Release|Win32.ActiveCfg = Release|Any CPU
		{AAE1265F-0FF4-4047-A121-B1C5D78D1AF7}.Release|x86.ActiveCfg = Release|Any CPU
		{D072E668-FB43-41C2-83CC-E9EAE04EAC97}.Debug|Any CPU.ActiveCfg = Debug|Any CPU
		{D072E668-FB43-41C2-83CC-E9EAE04EAC97}.Debug|Any CPU.Build.0 = Debug|Any CPU
		{D072E668-FB43-41C2-83CC-E9EAE04EAC97}.Debug|Mixed Platforms.ActiveCfg = Debug|Any CPU
		{D072E668-FB43-41C2-83CC-E9EAE04EAC97}.Debug|Mixed Platforms.Build.0 = Debug|Any CPU
		{D072E668-FB43-41C2-83CC-E9EAE04EAC97}.Debug|Win32.ActiveCfg = Debug|Any CPU
		{D072E668-FB43-41C2-83CC-E9EAE04EAC97}.Debug|x86.ActiveCfg = Debug|Any CPU
		{D072E668-FB43-41C2-83CC-E9EAE04EAC97}.Release|Any CPU.ActiveCfg = Release|Any CPU
		{D072E668-FB43-41C2-83CC-E9EAE04EAC97}.Release|Any CPU.Build.0 = Release|Any CPU
		{D072E668-FB43-41C2-83CC-E9EAE04EAC97}.Release|Mixed Platforms.ActiveCfg = Release|Any CPU
		{D072E668-FB43-41C2-83CC-E9EAE04EAC97}.Release|Mixed Platforms.Build.0 = Release|Any CPU
		{D072E668-FB43-41C2-83CC-E9EAE04EAC97}.Release|Win32.ActiveCfg = Release|Any CPU
		{D072E668-FB43-41C2-83CC-E9EAE04EAC97}.Release|x86.ActiveCfg = Release|Any CPU
		{DBD676E9-FC78-4C3F-AC17-762115188F8A}.Debug|Any CPU.ActiveCfg = Debug|x86
		{DBD676E9-FC78-4C3F-AC17-762115188F8A}.Debug|Any CPU.Build.0 = Debug|x86
		{DBD676E9-FC78-4C3F-AC17-762115188F8A}.Debug|Mixed Platforms.ActiveCfg = Debug|Any CPU
		{DBD676E9-FC78-4C3F-AC17-762115188F8A}.Debug|Mixed Platforms.Build.0 = Debug|Any CPU
		{DBD676E9-FC78-4C3F-AC17-762115188F8A}.Debug|Win32.ActiveCfg = Debug|Any CPU
		{DBD676E9-FC78-4C3F-AC17-762115188F8A}.Debug|x86.ActiveCfg = Debug|Any CPU
		{DBD676E9-FC78-4C3F-AC17-762115188F8A}.Release|Any CPU.ActiveCfg = Release|Any CPU
		{DBD676E9-FC78-4C3F-AC17-762115188F8A}.Release|Any CPU.Build.0 = Release|Any CPU
		{DBD676E9-FC78-4C3F-AC17-762115188F8A}.Release|Mixed Platforms.ActiveCfg = Release|Any CPU
		{DBD676E9-FC78-4C3F-AC17-762115188F8A}.Release|Mixed Platforms.Build.0 = Release|Any CPU
		{DBD676E9-FC78-4C3F-AC17-762115188F8A}.Release|Win32.ActiveCfg = Release|Any CPU
		{DBD676E9-FC78-4C3F-AC17-762115188F8A}.Release|x86.ActiveCfg = Release|Any CPU
		{2D68840B-5C4F-456A-A55B-9CC59B51F4F8}.Debug|Any CPU.ActiveCfg = Debug|x86
		{2D68840B-5C4F-456A-A55B-9CC59B51F4F8}.Debug|Mixed Platforms.ActiveCfg = Debug|x86
		{2D68840B-5C4F-456A-A55B-9CC59B51F4F8}.Debug|Win32.ActiveCfg = Debug|x86
		{2D68840B-5C4F-456A-A55B-9CC59B51F4F8}.Debug|Win32.Build.0 = Debug|x86
		{2D68840B-5C4F-456A-A55B-9CC59B51F4F8}.Debug|x86.ActiveCfg = Debug|x86
		{2D68840B-5C4F-456A-A55B-9CC59B51F4F8}.Debug|x86.Build.0 = Debug|x86
		{2D68840B-5C4F-456A-A55B-9CC59B51F4F8}.Release|Any CPU.ActiveCfg = Release|x86
		{2D68840B-5C4F-456A-A55B-9CC59B51F4F8}.Release|Mixed Platforms.ActiveCfg = Release|x86
		{2D68840B-5C4F-456A-A55B-9CC59B51F4F8}.Release|Mixed Platforms.Build.0 = Release|x86
		{2D68840B-5C4F-456A-A55B-9CC59B51F4F8}.Release|Win32.ActiveCfg = Release|x86
		{2D68840B-5C4F-456A-A55B-9CC59B51F4F8}.Release|Win32.Build.0 = Release|x86
		{2D68840B-5C4F-456A-A55B-9CC59B51F4F8}.Release|x86.ActiveCfg = Release|x86
		{2D68840B-5C4F-456A-A55B-9CC59B51F4F8}.Release|x86.Build.0 = Release|x86
		{0644313A-7CA5-4C9F-8C5F-2AF5CDA0EBE2}.Debug|Any CPU.ActiveCfg = Debug|Any CPU
		{0644313A-7CA5-4C9F-8C5F-2AF5CDA0EBE2}.Debug|Any CPU.Build.0 = Debug|Any CPU
		{0644313A-7CA5-4C9F-8C5F-2AF5CDA0EBE2}.Debug|Mixed Platforms.ActiveCfg = Debug|Any CPU
		{0644313A-7CA5-4C9F-8C5F-2AF5CDA0EBE2}.Debug|Mixed Platforms.Build.0 = Debug|Any CPU
		{0644313A-7CA5-4C9F-8C5F-2AF5CDA0EBE2}.Debug|Win32.ActiveCfg = Debug|Any CPU
		{0644313A-7CA5-4C9F-8C5F-2AF5CDA0EBE2}.Debug|x86.ActiveCfg = Debug|Any CPU
		{0644313A-7CA5-4C9F-8C5F-2AF5CDA0EBE2}.Release|Any CPU.ActiveCfg = Release|Any CPU
		{0644313A-7CA5-4C9F-8C5F-2AF5CDA0EBE2}.Release|Any CPU.Build.0 = Release|Any CPU
		{0644313A-7CA5-4C9F-8C5F-2AF5CDA0EBE2}.Release|Mixed Platforms.ActiveCfg = Release|Any CPU
		{0644313A-7CA5-4C9F-8C5F-2AF5CDA0EBE2}.Release|Mixed Platforms.Build.0 = Release|Any CPU
		{0644313A-7CA5-4C9F-8C5F-2AF5CDA0EBE2}.Release|Win32.ActiveCfg = Release|Any CPU
		{0644313A-7CA5-4C9F-8C5F-2AF5CDA0EBE2}.Release|x86.ActiveCfg = Release|Any CPU
	EndGlobalSection
	GlobalSection(SolutionProperties) = preSolution
		HideSolutionNode = FALSE
	EndGlobalSection
	GlobalSection(TestCaseManagementSettings) = postSolution
		CategoryFile = TestUnitTestingAndTraits1.vsmdi
	EndGlobalSection
	GlobalSection(NDepend) = preSolution
		Project = ".\TestUnitTestingAndTraits.ndproj"
	EndGlobalSection
EndGlobal
